// !$*UTF8*$!
{
	archiveVersion = 1;
	classes = {
	};
	objectVersion = 46;
	objects = {

/* Begin PBXBuildFile section */
		EA5950881A5DE25E00C0FE40 /* main.m in Sources */ = {isa = PBXBuildFile; fileRef = EA5950871A5DE25E00C0FE40 /* main.m */; };
		EA59508B1A5DE25E00C0FE40 /* AppDelegate.m in Sources */ = {isa = PBXBuildFile; fileRef = EA59508A1A5DE25E00C0FE40 /* AppDelegate.m */; };
		EA59508E1A5DE25E00C0FE40 /* ViewController.m in Sources */ = {isa = PBXBuildFile; fileRef = EA59508D1A5DE25E00C0FE40 /* ViewController.m */; };
		EA5950911A5DE25E00C0FE40 /* Main.storyboard in Resources */ = {isa = PBXBuildFile; fileRef = EA59508F1A5DE25E00C0FE40 /* Main.storyboard */; };
		EA5950931A5DE25E00C0FE40 /* Images.xcassets in Resources */ = {isa = PBXBuildFile; fileRef = EA5950921A5DE25E00C0FE40 /* Images.xcassets */; };
		EA5950961A5DE25E00C0FE40 /* LaunchScreen.xib in Resources */ = {isa = PBXBuildFile; fileRef = EA5950941A5DE25E00C0FE40 /* LaunchScreen.xib */; };
		EA5950A21A5DE25E00C0FE40 /* TouchIdSamplerTests.m in Sources */ = {isa = PBXBuildFile; fileRef = EA5950A11A5DE25E00C0FE40 /* TouchIdSamplerTests.m */; };
		EA5950AF1A5DE3A700C0FE40 /* JAGTouchId.m in Sources */ = {isa = PBXBuildFile; fileRef = EA5950AE1A5DE3A700C0FE40 /* JAGTouchId.m */; };
		EA5950B01A5DE3A700C0FE40 /* JAGTouchId.m in Sources */ = {isa = PBXBuildFile; fileRef = EA5950AE1A5DE3A700C0FE40 /* JAGTouchId.m */; };
/* End PBXBuildFile section */

/* Begin PBXContainerItemProxy section */
		EA59509C1A5DE25E00C0FE40 /* PBXContainerItemProxy */ = {
			isa = PBXContainerItemProxy;
			containerPortal = EA59507A1A5DE25E00C0FE40 /* Project object */;
			proxyType = 1;
			remoteGlobalIDString = EA5950811A5DE25E00C0FE40;
			remoteInfo = TouchIdSampler;
		};
/* End PBXContainerItemProxy section */

/* Begin PBXFileReference section */
		EA5950821A5DE25E00C0FE40 /* TouchIdSampler.app */ = {isa = PBXFileReference; explicitFileType = wrapper.application; includeInIndex = 0; path = TouchIdSampler.app; sourceTree = BUILT_PRODUCTS_DIR; };
		EA5950861A5DE25E00C0FE40 /* Info.plist */ = {isa = PBXFileReference; lastKnownFileType = text.plist.xml; path = Info.plist; sourceTree = "<group>"; };
		EA5950871A5DE25E00C0FE40 /* main.m */ = {isa = PBXFileReference; lastKnownFileType = sourcecode.c.objc; path = main.m; sourceTree = "<group>"; };
		EA5950891A5DE25E00C0FE40 /* AppDelegate.h */ = {isa = PBXFileReference; lastKnownFileType = sourcecode.c.h; path = AppDelegate.h; sourceTree = "<group>"; };
		EA59508A1A5DE25E00C0FE40 /* AppDelegate.m */ = {isa = PBXFileReference; lastKnownFileType = sourcecode.c.objc; path = AppDelegate.m; sourceTree = "<group>"; };
		EA59508C1A5DE25E00C0FE40 /* ViewController.h */ = {isa = PBXFileReference; lastKnownFileType = sourcecode.c.h; path = ViewController.h; sourceTree = "<group>"; };
		EA59508D1A5DE25E00C0FE40 /* ViewController.m */ = {isa = PBXFileReference; lastKnownFileType = sourcecode.c.objc; path = ViewController.m; sourceTree = "<group>"; };
		EA5950901A5DE25E00C0FE40 /* Base */ = {isa = PBXFileReference; lastKnownFileType = file.storyboard; name = Base; path = Base.lproj/Main.storyboard; sourceTree = "<group>"; };
		EA5950921A5DE25E00C0FE40 /* Images.xcassets */ = {isa = PBXFileReference; lastKnownFileType = folder.assetcatalog; path = Images.xcassets; sourceTree = "<group>"; };
		EA5950951A5DE25E00C0FE40 /* Base */ = {isa = PBXFileReference; lastKnownFileType = file.xib; name = Base; path = Base.lproj/LaunchScreen.xib; sourceTree = "<group>"; };
		EA59509B1A5DE25E00C0FE40 /* TouchIdSamplerTests.xctest */ = {isa = PBXFileReference; explicitFileType = wrapper.cfbundle; includeInIndex = 0; path = TouchIdSamplerTests.xctest; sourceTree = BUILT_PRODUCTS_DIR; };
		EA5950A01A5DE25E00C0FE40 /* Info.plist */ = {isa = PBXFileReference; lastKnownFileType = text.plist.xml; path = Info.plist; sourceTree = "<group>"; };
		EA5950A11A5DE25E00C0FE40 /* TouchIdSamplerTests.m */ = {isa = PBXFileReference; lastKnownFileType = sourcecode.c.objc; path = TouchIdSamplerTests.m; sourceTree = "<group>"; };
		EA5950AD1A5DE3A700C0FE40 /* JAGTouchId.h */ = {isa = PBXFileReference; fileEncoding = 4; lastKnownFileType = sourcecode.c.h; path = JAGTouchId.h; sourceTree = "<group>"; };
		EA5950AE1A5DE3A700C0FE40 /* JAGTouchId.m */ = {isa = PBXFileReference; fileEncoding = 4; lastKnownFileType = sourcecode.c.objc; path = JAGTouchId.m; sourceTree = "<group>"; };
/* End PBXFileReference section */

/* Begin PBXFrameworksBuildPhase section */
		EA59507F1A5DE25E00C0FE40 /* Frameworks */ = {
			isa = PBXFrameworksBuildPhase;
			buildActionMask = 2147483647;
			files = (
			);
			runOnlyForDeploymentPostprocessing = 0;
		};
		EA5950981A5DE25E00C0FE40 /* Frameworks */ = {
			isa = PBXFrameworksBuildPhase;
			buildActionMask = 2147483647;
			files = (
			);
			runOnlyForDeploymentPostprocessing = 0;
		};
/* End PBXFrameworksBuildPhase section */

/* Begin PBXGroup section */
		EA5950791A5DE25E00C0FE40 = {
			isa = PBXGroup;
			children = (
				EA5950841A5DE25E00C0FE40 /* TouchIdSampler */,
				EA59509E1A5DE25E00C0FE40 /* TouchIdSamplerTests */,
				EA5950831A5DE25E00C0FE40 /* Products */,
			);
			sourceTree = "<group>";
		};
		EA5950831A5DE25E00C0FE40 /* Products */ = {
			isa = PBXGroup;
			children = (
				EA5950821A5DE25E00C0FE40 /* TouchIdSampler.app */,
				EA59509B1A5DE25E00C0FE40 /* TouchIdSamplerTests.xctest */,
			);
			name = Products;
			sourceTree = "<group>";
		};
		EA5950841A5DE25E00C0FE40 /* TouchIdSampler */ = {
			isa = PBXGroup;
			children = (
				EA5950891A5DE25E00C0FE40 /* AppDelegate.h */,
				EA59508A1A5DE25E00C0FE40 /* AppDelegate.m */,
				EA59508C1A5DE25E00C0FE40 /* ViewController.h */,
				EA59508D1A5DE25E00C0FE40 /* ViewController.m */,
				EA59508F1A5DE25E00C0FE40 /* Main.storyboard */,
				EA5950921A5DE25E00C0FE40 /* Images.xcassets */,
				EA5950941A5DE25E00C0FE40 /* LaunchScreen.xib */,
				EA5950AB1A5DE35B00C0FE40 /* TouchId */,
				EA5950851A5DE25E00C0FE40 /* Supporting Files */,
			);
			path = TouchIdSampler;
			sourceTree = "<group>";
		};
		EA5950851A5DE25E00C0FE40 /* Supporting Files */ = {
			isa = PBXGroup;
			children = (
				EA5950861A5DE25E00C0FE40 /* Info.plist */,
				EA5950871A5DE25E00C0FE40 /* main.m */,
			);
			name = "Supporting Files";
			sourceTree = "<group>";
		};
		EA59509E1A5DE25E00C0FE40 /* TouchIdSamplerTests */ = {
			isa = PBXGroup;
			children = (
				EA5950A11A5DE25E00C0FE40 /* TouchIdSamplerTests.m */,
				EA59509F1A5DE25E00C0FE40 /* Supporting Files */,
			);
			path = TouchIdSamplerTests;
			sourceTree = "<group>";
		};
		EA59509F1A5DE25E00C0FE40 /* Supporting Files */ = {
			isa = PBXGroup;
			children = (
				EA5950A01A5DE25E00C0FE40 /* Info.plist */,
			);
			name = "Supporting Files";
			sourceTree = "<group>";
		};
		EA5950AB1A5DE35B00C0FE40 /* TouchId */ = {
			isa = PBXGroup;
			children = (
				EA5950AD1A5DE3A700C0FE40 /* JAGTouchId.h */,
				EA5950AE1A5DE3A700C0FE40 /* JAGTouchId.m */,
			);
			path = TouchId;
			sourceTree = "<group>";
		};
/* End PBXGroup section */

/* Begin PBXNativeTarget section */
		EA5950811A5DE25E00C0FE40 /* TouchIdSampler */ = {
			isa = PBXNativeTarget;
			buildConfigurationList = EA5950A51A5DE25E00C0FE40 /* Build configuration list for PBXNativeTarget "TouchIdSampler" */;
			buildPhases = (
				EA59507E1A5DE25E00C0FE40 /* Sources */,
				EA59507F1A5DE25E00C0FE40 /* Frameworks */,
				EA5950801A5DE25E00C0FE40 /* Resources */,
			);
			buildRules = (
			);
			dependencies = (
			);
			name = TouchIdSampler;
			productName = TouchIdSampler;
			productReference = EA5950821A5DE25E00C0FE40 /* TouchIdSampler.app */;
			productType = "com.apple.product-type.application";
		};
		EA59509A1A5DE25E00C0FE40 /* TouchIdSamplerTests */ = {
			isa = PBXNativeTarget;
			buildConfigurationList = EA5950A81A5DE25E00C0FE40 /* Build configuration list for PBXNativeTarget "TouchIdSamplerTests" */;
			buildPhases = (
				EA5950971A5DE25E00C0FE40 /* Sources */,
				EA5950981A5DE25E00C0FE40 /* Frameworks */,
				EA5950991A5DE25E00C0FE40 /* Resources */,
			);
			buildRules = (
			);
			dependencies = (
				EA59509D1A5DE25E00C0FE40 /* PBXTargetDependency */,
			);
			name = TouchIdSamplerTests;
			productName = TouchIdSamplerTests;
			productReference = EA59509B1A5DE25E00C0FE40 /* TouchIdSamplerTests.xctest */;
			productType = "com.apple.product-type.bundle.unit-test";
		};
/* End PBXNativeTarget section */

/* Begin PBXProject section */
		EA59507A1A5DE25E00C0FE40 /* Project object */ = {
			isa = PBXProject;
			attributes = {
				CLASSPREFIX = JAG;
				LastUpgradeCheck = 0610;
				ORGANIZATIONNAME = "Jesus Antonio Gil";
				TargetAttributes = {
					EA5950811A5DE25E00C0FE40 = {
						CreatedOnToolsVersion = 6.1.1;
					};
					EA59509A1A5DE25E00C0FE40 = {
						CreatedOnToolsVersion = 6.1.1;
						TestTargetID = EA5950811A5DE25E00C0FE40;
					};
				};
			};
			buildConfigurationList = EA59507D1A5DE25E00C0FE40 /* Build configuration list for PBXProject "TouchIdSampler" */;
			compatibilityVersion = "Xcode 3.2";
			developmentRegion = English;
			hasScannedForEncodings = 0;
			knownRegions = (
				en,
				Base,
			);
			mainGroup = EA5950791A5DE25E00C0FE40;
			productRefGroup = EA5950831A5DE25E00C0FE40 /* Products */;
			projectDirPath = "";
			projectRoot = "";
			targets = (
				EA5950811A5DE25E00C0FE40 /* TouchIdSampler */,
				EA59509A1A5DE25E00C0FE40 /* TouchIdSamplerTests */,
			);
		};
/* End PBXProject section */

/* Begin PBXResourcesBuildPhase section */
		EA5950801A5DE25E00C0FE40 /* Resources */ = {
			isa = PBXResourcesBuildPhase;
			buildActionMask = 2147483647;
			files = (
				EA5950911A5DE25E00C0FE40 /* Main.storyboard in Resources */,
				EA5950961A5DE25E00C0FE40 /* LaunchScreen.xib in Resources */,
				EA5950931A5DE25E00C0FE40 /* Images.xcassets in Resources */,
			);
			runOnlyForDeploymentPostprocessing = 0;
		};
		EA5950991A5DE25E00C0FE40 /* Resources */ = {
			isa = PBXResourcesBuildPhase;
			buildActionMask = 2147483647;
			files = (
			);
			runOnlyForDeploymentPostprocessing = 0;
		};
/* End PBXResourcesBuildPhase section */

/* Begin PBXSourcesBuildPhase section */
		EA59507E1A5DE25E00C0FE40 /* Sources */ = {
			isa = PBXSourcesBuildPhase;
			buildActionMask = 2147483647;
			files = (
				EA59508E1A5DE25E00C0FE40 /* ViewController.m in Sources */,
				EA5950AF1A5DE3A700C0FE40 /* JAGTouchId.m in Sources */,
				EA59508B1A5DE25E00C0FE40 /* AppDelegate.m in Sources */,
				EA5950881A5DE25E00C0FE40 /* main.m in Sources */,
			);
			runOnlyForDeploymentPostprocessing = 0;
		};
		EA5950971A5DE25E00C0FE40 /* Sources */ = {
			isa = PBXSourcesBuildPhase;
			buildActionMask = 2147483647;
			files = (
				EA5950A21A5DE25E00C0FE40 /* TouchIdSamplerTests.m in Sources */,
				EA5950B01A5DE3A700C0FE40 /* JAGTouchId.m in Sources */,
			);
			runOnlyForDeploymentPostprocessing = 0;
		};
/* End PBXSourcesBuildPhase section */

/* Begin PBXTargetDependency section */
		EA59509D1A5DE25E00C0FE40 /* PBXTargetDependency */ = {
			isa = PBXTargetDependency;
			target = EA5950811A5DE25E00C0FE40 /* TouchIdSampler */;
			targetProxy = EA59509C1A5DE25E00C0FE40 /* PBXContainerItemProxy */;
		};
/* End PBXTargetDependency section */

/* Begin PBXVariantGroup section */
		EA59508F1A5DE25E00C0FE40 /* Main.storyboard */ = {
			isa = PBXVariantGroup;
			children = (
				EA5950901A5DE25E00C0FE40 /* Base */,
			);
			name = Main.storyboard;
			sourceTree = "<group>";
		};
		EA5950941A5DE25E00C0FE40 /* LaunchScreen.xib */ = {
			isa = PBXVariantGroup;
			children = (
				EA5950951A5DE25E00C0FE40 /* Base */,
			);
			name = LaunchScreen.xib;
			sourceTree = "<group>";
		};
/* End PBXVariantGroup section */

/* Begin XCBuildConfiguration section */
		EA5950A31A5DE25E00C0FE40 /* Debug */ = {
			isa = XCBuildConfiguration;
			buildSettings = {
				ALWAYS_SEARCH_USER_PATHS = NO;
				CLANG_CXX_LANGUAGE_STANDARD = "gnu++0x";
				CLANG_CXX_LIBRARY = "libc++";
				CLANG_ENABLE_MODULES = YES;
				CLANG_ENABLE_OBJC_ARC = YES;
				CLANG_WARN_BOOL_CONVERSION = YES;
				CLANG_WARN_CONSTANT_CONVERSION = YES;
				CLANG_WARN_DIRECT_OBJC_ISA_USAGE = YES_ERROR;
				CLANG_WARN_EMPTY_BODY = YES;
				CLANG_WARN_ENUM_CONVERSION = YES;
				CLANG_WARN_INT_CONVERSION = YES;
				CLANG_WARN_OBJC_ROOT_CLASS = YES_ERROR;
				CLANG_WARN_UNREACHABLE_CODE = YES;
				CLANG_WARN__DUPLICATE_METHOD_MATCH = YES;
				"CODE_SIGN_IDENTITY[sdk=iphoneos*]" = "iPhone Developer";
				COPY_PHASE_STRIP = NO;
				ENABLE_STRICT_OBJC_MSGSEND = YES;
				GCC_C_LANGUAGE_STANDARD = gnu99;
				GCC_DYNAMIC_NO_PIC = NO;
				GCC_OPTIMIZATION_LEVEL = 0;
				GCC_PREPROCESSOR_DEFINITIONS = (
					"DEBUG=1",
					"$(inherited)",
				);
				GCC_SYMBOLS_PRIVATE_EXTERN = NO;
				GCC_WARN_64_TO_32_BIT_CONVERSION = YES;
				GCC_WARN_ABOUT_RETURN_TYPE = YES_ERROR;
				GCC_WARN_UNDECLARED_SELECTOR = YES;
				GCC_WARN_UNINITIALIZED_AUTOS = YES_AGGRESSIVE;
				GCC_WARN_UNUSED_FUNCTION = YES;
				GCC_WARN_UNUSED_VARIABLE = YES;
				IPHONEOS_DEPLOYMENT_TARGET = 8.1;
				MTL_ENABLE_DEBUG_INFO = YES;
				ONLY_ACTIVE_ARCH = YES;
				SDKROOT = iphoneos;
			};
			name = Debug;
		};
		EA5950A41A5DE25E00C0FE40 /* Release */ = {
			isa = XCBuildConfiguration;
			buildSettings = {
				ALWAYS_SEARCH_USER_PATHS = NO;
				CLANG_CXX_LANGUAGE_STANDARD = "gnu++0x";
				CLANG_CXX_LIBRARY = "libc++";
				CLANG_ENABLE_MODULES = YES;
				CLANG_ENABLE_OBJC_ARC = YES;
				CLANG_WARN_BOOL_CONVERSION = YES;
				CLANG_WARN_CONSTANT_CONVERSION = YES;
				CLANG_WARN_DIRECT_OBJC_ISA_USAGE = YES_ERROR;
				CLANG_WARN_EMPTY_BODY = YES;
				CLANG_WARN_ENUM_CONVERSION = YES;
				CLANG_WARN_INT_CONVERSION = YES;
				CLANG_WARN_OBJC_ROOT_CLASS = YES_ERROR;
				CLANG_WARN_UNREACHABLE_CODE = YES;
				CLANG_WARN__DUPLICATE_METHOD_MATCH = YES;
				"CODE_SIGN_IDENTITY[sdk=iphoneos*]" = "iPhone Developer";
				COPY_PHASE_STRIP = YES;
				ENABLE_NS_ASSERTIONS = NO;
				ENABLE_STRICT_OBJC_MSGSEND = YES;
				GCC_C_LANGUAGE_STANDARD = gnu99;
				GCC_WARN_64_TO_32_BIT_CONVERSION = YES;
				GCC_WARN_ABOUT_RETURN_TYPE = YES_ERROR;
				GCC_WARN_UNDECLARED_SELECTOR = YES;
				GCC_WARN_UNINITIALIZED_AUTOS = YES_AGGRESSIVE;
				GCC_WARN_UNUSED_FUNCTION = YES;
				GCC_WARN_UNUSED_VARIABLE = YES;
				IPHONEOS_DEPLOYMENT_TARGET = 8.1;
				MTL_ENABLE_DEBUG_INFO = NO;
				SDKROOT = iphoneos;
				VALIDATE_PRODUCT = YES;
			};
			name = Release;
		};
		EA5950A61A5DE25E00C0FE40 /* Debug */ = {
			isa = XCBuildConfiguration;
			buildSettings = {
				ASSETCATALOG_COMPILER_APPICON_NAME = AppIcon;
				INFOPLIST_FILE = TouchIdSampler/Info.plist;
				LD_RUNPATH_SEARCH_PATHS = "$(inherited) @executable_path/Frameworks";
				PRODUCT_NAME = "$(TARGET_NAME)";
			};
			name = Debug;
		};
		EA5950A71A5DE25E00C0FE40 /* Release */ = {
			isa = XCBuildConfiguration;
			buildSettings = {
				ASSETCATALOG_COMPILER_APPICON_NAME = AppIcon;
				INFOPLIST_FILE = TouchIdSampler/Info.plist;
				LD_RUNPATH_SEARCH_PATHS = "$(inherited) @executable_path/Frameworks";
				PRODUCT_NAME = "$(TARGET_NAME)";
			};
			name = Release;
		};
		EA5950A91A5DE25E00C0FE40 /* Debug */ = {
			isa = XCBuildConfiguration;
			buildSettings = {
				BUNDLE_LOADER = "$(TEST_HOST)";
				FRAMEWORK_SEARCH_PATHS = (
					"$(SDKROOT)/Developer/Library/Frameworks",
					"$(inherited)",
				);
				GCC_PREPROCESSOR_DEFINITIONS = (
					"DEBUG=1",
					"$(inherited)",
				);
				INFOPLIST_FILE = TouchIdSamplerTests/Info.plist;
				LD_RUNPATH_SEARCH_PATHS = "$(inherited) @executable_path/Frameworks @loader_path/Frameworks";
				PRODUCT_NAME = "$(TARGET_NAME)";
				TEST_HOST = "$(BUILT_PRODUCTS_DIR)/TouchIdSampler.app/TouchIdSampler";
			};
			name = Debug;
		};
		EA5950AA1A5DE25E00C0FE40 /* Release */ = {
			isa = XCBuildConfiguration;
			buildSettings = {
				BUNDLE_LOADER = "$(TEST_HOST)";
				FRAMEWORK_SEARCH_PATHS = (
					"$(SDKROOT)/Developer/Library/Frameworks",
					"$(inherited)",
				);
				INFOPLIST_FILE = TouchIdSamplerTests/Info.plist;
				LD_RUNPATH_SEARCH_PATHS = "$(inherited) @executable_path/Frameworks @loader_path/Frameworks";
				PRODUCT_NAME = "$(TARGET_NAME)";
				TEST_HOST = "$(BUILT_PRODUCTS_DIR)/TouchIdSampler.app/TouchIdSampler";
			};
			name = Release;
		};
/* End XCBuildConfiguration section */

/* Begin XCConfigurationList section */
		EA59507D1A5DE25E00C0FE40 /* Build configuration list for PBXProject "TouchIdSampler" */ = {
			isa = XCConfigurationList;
			buildConfigurations = (
				EA5950A31A5DE25E00C0FE40 /* Debug */,
				EA5950A41A5DE25E00C0FE40 /* Release */,
			);
			defaultConfigurationIsVisible = 0;
			defaultConfigurationName = Release;
		};
		EA5950A51A5DE25E00C0FE40 /* Build configuration list for PBXNativeTarget "TouchIdSampler" */ = {
			isa = XCConfigurationList;
			buildConfigurations = (
				EA5950A61A5DE25E00C0FE40 /* Debug */,
				EA5950A71A5DE25E00C0FE40 /* Release */,
			);
			defaultConfigurationIsVisible = 0;
		};
		EA5950A81A5DE25E00C0FE40 /* Build configuration list for PBXNativeTarget "TouchIdSamplerTests" */ = {
			isa = XCConfigurationList;
			buildConfigurations = (
				EA5950A91A5DE25E00C0FE40 /* Debug */,
				EA5950AA1A5DE25E00C0FE40 /* Release */,
			);
			defaultConfigurationIsVisible = 0;
		};
/* End XCConfigurationList section */
	};
	rootObject = EA59507A1A5DE25E00C0FE40 /* Project object */;
}
